{
  "nodes": {
    "my_feed_notification": {
      "inputs": {
        "nixpkgs": [
          "nixpkgs-25-11"
        ]
      },
      "locked": {
        "lastModified": 1750027391,
        "narHash": "sha256-D2dUjGQ7EdswUGBHXWgRBD1GQnKBHCzqtkOPeontBKQ=",
        "owner": "LucasNT",
        "repo": "MyFeedNotification",
        "rev": "d617b440b57f56e9fa98f196371a7dc8c4583360",
        "type": "github"
      },
      "original": {
        "owner": "LucasNT",
        "ref": "main",
        "repo": "MyFeedNotification",
        "type": "github"
      }
    },
    "nixpkgs-25-11": {
      "locked": {
        "lastModified": 1782847189,
        "narHash": "sha256-twXPFqFsrrY5r28Zh7Homgcp2gUMBgQ6WDS98Q/3xFI=",
        "owner": "NixOS",
        "repo": "nixpkgs",
        "rev": "b6018f87da91d19d0ab4cf979885689b469cdd41",
        "type": "github"
      },
      "original": {
        "owner": "NixOS",
        "ref": "nixos-25.11",
        "repo": "nixpkgs",
        "type": "github"
      }
    },
    "nixpkgs-26-05": {
      "locked": {
        "lastModified": 1784280462,
        "narHash": "sha256-DtoqIqM7VkR6NxAkcLpMwmi02USwWb3JdmNGLyhthc0=",
        "owner": "NixOS",
        "repo": "nixpkgs",
        "rev": "293d6abedf0478e681a4dfcfcb35b30fc796a32f",
        "type": "github"
      },
      "original": {
        "owner": "NixOS",
        "ref": "nixos-26.05",
        "repo": "nixpkgs",
        "type": "github"
      }
    },
    "root": {
      "inputs": {
        "my_feed_notification": "my_feed_notification",
        "nixpkgs-25-11": "nixpkgs-25-11",
        "nixpkgs-26-05": "nixpkgs-26-05",
        "swaylock-wrapper": "swaylock-wrapper"
      }
    },
    "swaylock-wrapper": {
      "inputs": {
        "nixpkgs": [
          "nixpkgs-25-11"
        ]
      },
      "locked": {
        "lastModified": 1770340806,
        "narHash": "sha256-MICcgql7t4sdthDKBUR+o1fB/dMHkSOml+ECZvwnekk=",
        "owner": "LucasNT",
        "repo": "swaylock-wrapper",
        "rev": "a181e7b9753c8196255f5f3570d9201d3debab94",
        "type": "github"
      },
      "original": {
        "owner": "LucasNT",
        "repo": "swaylock-wrapper",
        "type": "github"
      }
    }
  },
  "root": "root",
  "version": 7
}
