{
  "nodes": {
    "my_feed_notification": {
      "inputs": {
        "nixpkgs": [
          "nixpkgs-25-05"
        ]
      },
      "locked": {
        "lastModified": 1750027391,
        "narHash": "sha256-D2dUjGQ7EdswUGBHXWgRBD1GQnKBHCzqtkOPeontBKQ=",
        "owner": "LucasNT",
        "repo": "MyFeedNotification",
        "rev": "d617b440b57f56e9fa98f196371a7dc8c4583360",
        "type": "github"
      },
      "original": {
        "owner": "LucasNT",
        "ref": "main",
        "repo": "MyFeedNotification",
        "type": "github"
      }
    },
    "nixpkgs-25-05": {
      "locked": {
        "lastModified": 1767051569,
        "narHash": "sha256-0MnuWoN+n1UYaGBIpqpPs9I9ZHW4kynits4mrnh1Pk4=",
        "owner": "NixOS",
        "repo": "nixpkgs",
        "rev": "40ee5e1944bebdd128f9fbada44faefddfde29bd",
        "type": "github"
      },
      "original": {
        "owner": "NixOS",
        "ref": "nixos-25.05",
        "repo": "nixpkgs",
        "type": "github"
      }
    },
    "nixpkgs-25-11": {
      "locked": {
        "lastModified": 1767325753,
        "narHash": "sha256-yA/CuWyqm+AQo2ivGy6PlYrjZBQm7jfbe461+4HF2fo=",
        "owner": "NixOS",
        "repo": "nixpkgs",
        "rev": "64049ca74d63e971b627b5f3178d95642e61cedd",
        "type": "github"
      },
      "original": {
        "owner": "NixOS",
        "ref": "nixos-25.11",
        "repo": "nixpkgs",
        "type": "github"
      }
    },
    "root": {
      "inputs": {
        "my_feed_notification": "my_feed_notification",
        "nixpkgs-25-05": "nixpkgs-25-05",
        "nixpkgs-25-11": "nixpkgs-25-11"
      }
    }
  },
  "root": "root",
  "version": 7
}
