{
  "nodes": {
    "my_feed_notification": {
      "inputs": {
        "nixpkgs": [
          "nixpkgs-25-05"
        ]
      },
      "locked": {
        "lastModified": 1750027391,
        "narHash": "sha256-D2dUjGQ7EdswUGBHXWgRBD1GQnKBHCzqtkOPeontBKQ=",
        "owner": "LucasNT",
        "repo": "MyFeedNotification",
        "rev": "d617b440b57f56e9fa98f196371a7dc8c4583360",
        "type": "github"
      },
      "original": {
        "owner": "LucasNT",
        "ref": "main",
        "repo": "MyFeedNotification",
        "type": "github"
      }
    },
    "nixpkgs-25-05": {
      "locked": {
        "lastModified": 1766399428,
        "narHash": "sha256-vS6LSOMDOB3s+L6tqw9IGujxnmUAZQnEG+Vi640LayI=",
        "owner": "NixOS",
        "repo": "nixpkgs",
        "rev": "a6c3a6141ec1b367c58ead3f7f846c772a25f4e5",
        "type": "github"
      },
      "original": {
        "owner": "NixOS",
        "ref": "nixos-25.05",
        "repo": "nixpkgs",
        "type": "github"
      }
    },
    "nixpkgs-25-11": {
      "locked": {
        "lastModified": 1766473571,
        "narHash": "sha256-5G1NDO2PulBx1RoaA6U1YoUDX0qZslpPxv+n5GX6Qto=",
        "owner": "NixOS",
        "repo": "nixpkgs",
        "rev": "76701a179d3a98b07653e2b0409847499b2a07d3",
        "type": "github"
      },
      "original": {
        "owner": "NixOS",
        "ref": "nixos-25.11",
        "repo": "nixpkgs",
        "type": "github"
      }
    },
    "root": {
      "inputs": {
        "my_feed_notification": "my_feed_notification",
        "nixpkgs-25-05": "nixpkgs-25-05",
        "nixpkgs-25-11": "nixpkgs-25-11"
      }
    }
  },
  "root": "root",
  "version": 7
}
